
Microsoft Visual Studio Solution File, Format Version 12.00
# Visual Studio 15
VisualStudioVersion = 15.0.26124.0
MinimumVisualStudioVersion = 15.0.26124.0
Project("{FAE04EC0-301F-11D3-BF4B-00C04F79EFBC}") = "R5T.Ostrogothia.Construction", "R5T.Ostrogothia.Construction\R5T.Ostrogothia.Construction.csproj", "{2E8228DF-F21E-4033-980F-14746FB665D7}"
EndProject
Project("{FAE04EC0-301F-11D3-BF4B-00C04F79EFBC}") = "R5T.Ostrogothia", "R5T.Ostrogothia\R5T.Ostrogothia.csproj", "{15E5025C-CEA1-43ED-B577-4057D3D33FE4}"
EndProject
Project("{FAE04EC0-301F-11D3-BF4B-00C04F79EFBC}") = "R5T.Ostrogothia.Testing", "R5T.Ostrogothia.Testing\R5T.Ostrogothia.Testing.csproj", "{FEB7BC4B-510D-44EF-AFAE-607510AE4AF1}"
EndProject
Global
	GlobalSection(SolutionConfigurationPlatforms) = preSolution
		Debug|Any CPU = Debug|Any CPU
		Debug|x64 = Debug|x64
		Debug|x86 = Debug|x86
		Release|Any CPU = Release|Any CPU
		Release|x64 = Release|x64
		Release|x86 = Release|x86
	EndGlobalSection
	GlobalSection(SolutionProperties) = preSolution
		HideSolutionNode = FALSE
	EndGlobalSection
	GlobalSection(ProjectConfigurationPlatforms) = postSolution
		{2E8228DF-F21E-4033-980F-14746FB665D7}.Debug|Any CPU.ActiveCfg = Debug|Any CPU
		{2E8228DF-F21E-4033-980F-14746FB665D7}.Debug|Any CPU.Build.0 = Debug|Any CPU
		{2E8228DF-F21E-4033-980F-14746FB665D7}.Debug|x64.ActiveCfg = Debug|Any CPU
		{2E8228DF-F21E-4033-980F-14746FB665D7}.Debug|x64.Build.0 = Debug|Any CPU
		{2E8228DF-F21E-4033-980F-14746FB665D7}.Debug|x86.ActiveCfg = Debug|Any CPU
		{2E8228DF-F21E-4033-980F-14746FB665D7}.Debug|x86.Build.0 = Debug|Any CPU
		{2E8228DF-F21E-4033-980F-14746FB665D7}.Release|Any CPU.ActiveCfg = Release|Any CPU
		{2E8228DF-F21E-4033-980F-14746FB665D7}.Release|Any CPU.Build.0 = Release|Any CPU
		{2E8228DF-F21E-4033-980F-14746FB665D7}.Release|x64.ActiveCfg = Release|Any CPU
		{2E8228DF-F21E-4033-980F-14746FB665D7}.Release|x64.Build.0 = Release|Any CPU
		{2E8228DF-F21E-4033-980F-14746FB665D7}.Release|x86.ActiveCfg = Release|Any CPU
		{2E8228DF-F21E-4033-980F-14746FB665D7}.Release|x86.Build.0 = Release|Any CPU
		{15E5025C-CEA1-43ED-B577-4057D3D33FE4}.Debug|Any CPU.ActiveCfg = Debug|Any CPU
		{15E5025C-CEA1-43ED-B577-4057D3D33FE4}.Debug|Any CPU.Build.0 = Debug|Any CPU
		{15E5025C-CEA1-43ED-B577-4057D3D33FE4}.Debug|x64.ActiveCfg = Debug|Any CPU
		{15E5025C-CEA1-43ED-B577-4057D3D33FE4}.Debug|x64.Build.0 = Debug|Any CPU
		{15E5025C-CEA1-43ED-B577-4057D3D33FE4}.Debug|x86.ActiveCfg = Debug|Any CPU
		{15E5025C-CEA1-43ED-B577-4057D3D33FE4}.Debug|x86.Build.0 = Debug|Any CPU
		{15E5025C-CEA1-43ED-B577-4057D3D33FE4}.Release|Any CPU.ActiveCfg = Release|Any CPU
		{15E5025C-CEA1-43ED-B577-4057D3D33FE4}.Release|Any CPU.Build.0 = Release|Any CPU
		{15E5025C-CEA1-43ED-B577-4057D3D33FE4}.Release|x64.ActiveCfg = Release|Any CPU
		{15E5025C-CEA1-43ED-B577-4057D3D33FE4}.Release|x64.Build.0 = Release|Any CPU
		{15E5025C-CEA1-43ED-B577-4057D3D33FE4}.Release|x86.ActiveCfg = Release|Any CPU
		{15E5025C-CEA1-43ED-B577-4057D3D33FE4}.Release|x86.Build.0 = Release|Any CPU
		{FEB7BC4B-510D-44EF-AFAE-607510AE4AF1}.Debug|Any CPU.ActiveCfg = Debug|Any CPU
		{FEB7BC4B-510D-44EF-AFAE-607510AE4AF1}.Debug|Any CPU.Build.0 = Debug|Any CPU
		{FEB7BC4B-510D-44EF-AFAE-607510AE4AF1}.Debug|x64.ActiveCfg = Debug|Any CPU
		{FEB7BC4B-510D-44EF-AFAE-607510AE4AF1}.Debug|x64.Build.0 = Debug|Any CPU
		{FEB7BC4B-510D-44EF-AFAE-607510AE4AF1}.Debug|x86.ActiveCfg = Debug|Any CPU
		{FEB7BC4B-510D-44EF-AFAE-607510AE4AF1}.Debug|x86.Build.0 = Debug|Any CPU
		{FEB7BC4B-510D-44EF-AFAE-607510AE4AF1}.Release|Any CPU.ActiveCfg = Release|Any CPU
		{FEB7BC4B-510D-44EF-AFAE-607510AE4AF1}.Release|Any CPU.Build.0 = Release|Any CPU
		{FEB7BC4B-510D-44EF-AFAE-607510AE4AF1}.Release|x64.ActiveCfg = Release|Any CPU
		{FEB7BC4B-510D-44EF-AFAE-607510AE4AF1}.Release|x64.Build.0 = Release|Any CPU
		{FEB7BC4B-510D-44EF-AFAE-607510AE4AF1}.Release|x86.ActiveCfg = Release|Any CPU
		{FEB7BC4B-510D-44EF-AFAE-607510AE4AF1}.Release|x86.Build.0 = Release|Any CPU
	EndGlobalSection
EndGlobal
